
Microsoft Visual Studio Solution File, Format Version 12.00
# Visual Studio 2012
Project("{FAE04EC0-301F-11D3-BF4B-00C04F79EFBC}") = "WebBS", "WebBS\WebBS.csproj", "{10BF2791-9BB9-469D-9D40-59C4D1B6E3FD}"
EndProject
Project("{FAE04EC0-301F-11D3-BF4B-00C04F79EFBC}") = "ByS.Presupuesto.Data", "ByS.Presupuesto.Data\ByS.Presupuesto.Data.csproj", "{FBC68FA8-2C35-471E-A3C6-B67276DC351B}"
EndProject
Project("{FAE04EC0-301F-11D3-BF4B-00C04F79EFBC}") = "ByS.Presupuesto.Logic", "ByS.Presupuesto.Logic\ByS.Presupuesto.Logic.csproj", "{C4C22C09-36A1-4B49-8F40-3F4ADC55EABA}"
EndProject
Project("{2150E333-8FDC-42A3-9474-1A3956D46DE8}") = "ModPresupuesto", "ModPresupuesto", "{E49DE990-D5B8-4FB9-9BCB-84C44EBA84BC}"
EndProject
Project("{2150E333-8FDC-42A3-9474-1A3956D46DE8}") = "ModInventario", "ModInventario", "{94D74432-56D0-493F-A9F1-496B5796D4A7}"
EndProject
Project("{2150E333-8FDC-42A3-9474-1A3956D46DE8}") = "ModDistribucion", "ModDistribucion", "{31740F77-DF98-4262-8402-372733895017}"
EndProject
Project("{FAE04EC0-301F-11D3-BF4B-00C04F79EFBC}") = "ByS.Tools", "ByS.Tools\ByS.Tools.csproj", "{F354FADE-3EF8-46DC-9D21-E44A4EFC75B8}"
EndProject
Project("{FAE04EC0-301F-11D3-BF4B-00C04F79EFBC}") = "ByS.Presupuesto.Entities", "ByS.Presupuesto.Entities\ByS.Presupuesto.Entities.csproj", "{90E9A655-C490-4550-91F6-C5EDE7396BC7}"
EndProject
Project("{2150E333-8FDC-42A3-9474-1A3956D46DE8}") = "ModRHumanos", "ModRHumanos", "{03E6EA75-CDA2-41DD-BD45-C73F65BF372D}"
EndProject
Project("{FAE04EC0-301F-11D3-BF4B-00C04F79EFBC}") = "ByS.RHumanos.Entities", "ByS.RHumanos.Entities\ByS.RHumanos.Entities.csproj", "{7D008652-DE8B-4695-B762-2670E8E70B3A}"
EndProject
Project("{FAE04EC0-301F-11D3-BF4B-00C04F79EFBC}") = "ByS.RHumanos.Data", "ByS.RHumanos.Data\ByS.RHumanos.Data.csproj", "{B76A09BA-0218-4813-9867-281D9BFFE007}"
EndProject
Project("{FAE04EC0-301F-11D3-BF4B-00C04F79EFBC}") = "ByS.RHumanos.Logic", "ByS.RHumanos.Logic\ByS.RHumanos.Logic.csproj", "{D29DF893-1326-401B-AD7E-6F8FD9AF463F}"
EndProject
Project("{2150E333-8FDC-42A3-9474-1A3956D46DE8}") = ".nuget", ".nuget", "{B06E3DF9-D655-4FB3-88D7-EF236268E0F8}"
	ProjectSection(SolutionItems) = preProject
		.nuget\NuGet.Config = .nuget\NuGet.Config
		.nuget\NuGet.exe = .nuget\NuGet.exe
		.nuget\NuGet.targets = .nuget\NuGet.targets
	EndProjectSection
EndProject
<<<<<<< HEAD
Project("{FAE04EC0-301F-11D3-BF4B-00C04F79EFBC}") = "ByS.Inventario.Entities", "ByS.Inventario.Entities\ByS.Inventario.Entities.csproj", "{7F5F5051-E86E-46AB-8C57-397D2BF9268B}"
EndProject
Project("{FAE04EC0-301F-11D3-BF4B-00C04F79EFBC}") = "ByS.Inventario.Data", "ByS.Inventario.Data\ByS.Inventario.Data.csproj", "{8C3EACDA-7516-4C5C-B98E-90204E2FFDD6}"
EndProject
Project("{FAE04EC0-301F-11D3-BF4B-00C04F79EFBC}") = "ByS.Inventario.Logic", "ByS.Inventario.Logic\ByS.Inventario.Logic.csproj", "{B2A514CC-A106-4D84-82AC-894313EE3317}"
=======
Project("{2150E333-8FDC-42A3-9474-1A3956D46DE8}") = "ModTrazabilidad", "ModTrazabilidad", "{A4CE4E88-F51B-4706-BCF6-BE40E736FE06}"
EndProject
Project("{FAE04EC0-301F-11D3-BF4B-00C04F79EFBC}") = "ByS.Trazabilidad.Data", "ByS.Trazabilidad.Data\ByS.Trazabilidad.Data.csproj", "{9A6A2CFE-95FB-4E5C-A3ED-52E7D729B9E4}"
EndProject
Project("{FAE04EC0-301F-11D3-BF4B-00C04F79EFBC}") = "ByS.Trazabilidad.Entities", "ByS.Trazabilidad.Entities\ByS.Trazabilidad.Entities.csproj", "{D569F4C2-8D0F-4AA3-BC61-57370281AC99}"
EndProject
Project("{FAE04EC0-301F-11D3-BF4B-00C04F79EFBC}") = "Bys.Trazabilidad.Logic", "Bys.Trazabilidad.Logic\Bys.Trazabilidad.Logic.csproj", "{A04F2E06-D9BE-41FF-B632-46D540946D3F}"
>>>>>>> origin/master
EndProject
Global
	GlobalSection(SolutionConfigurationPlatforms) = preSolution
		Debug|Any CPU = Debug|Any CPU
		Release|Any CPU = Release|Any CPU
	EndGlobalSection
	GlobalSection(ProjectConfigurationPlatforms) = postSolution
		{10BF2791-9BB9-469D-9D40-59C4D1B6E3FD}.Debug|Any CPU.ActiveCfg = Debug|Any CPU
		{10BF2791-9BB9-469D-9D40-59C4D1B6E3FD}.Debug|Any CPU.Build.0 = Debug|Any CPU
		{10BF2791-9BB9-469D-9D40-59C4D1B6E3FD}.Release|Any CPU.ActiveCfg = Release|Any CPU
		{10BF2791-9BB9-469D-9D40-59C4D1B6E3FD}.Release|Any CPU.Build.0 = Release|Any CPU
		{FBC68FA8-2C35-471E-A3C6-B67276DC351B}.Debug|Any CPU.ActiveCfg = Debug|Any CPU
		{FBC68FA8-2C35-471E-A3C6-B67276DC351B}.Debug|Any CPU.Build.0 = Debug|Any CPU
		{FBC68FA8-2C35-471E-A3C6-B67276DC351B}.Release|Any CPU.ActiveCfg = Release|Any CPU
		{FBC68FA8-2C35-471E-A3C6-B67276DC351B}.Release|Any CPU.Build.0 = Release|Any CPU
		{C4C22C09-36A1-4B49-8F40-3F4ADC55EABA}.Debug|Any CPU.ActiveCfg = Debug|Any CPU
		{C4C22C09-36A1-4B49-8F40-3F4ADC55EABA}.Debug|Any CPU.Build.0 = Debug|Any CPU
		{C4C22C09-36A1-4B49-8F40-3F4ADC55EABA}.Release|Any CPU.ActiveCfg = Release|Any CPU
		{C4C22C09-36A1-4B49-8F40-3F4ADC55EABA}.Release|Any CPU.Build.0 = Release|Any CPU
		{F354FADE-3EF8-46DC-9D21-E44A4EFC75B8}.Debug|Any CPU.ActiveCfg = Debug|Any CPU
		{F354FADE-3EF8-46DC-9D21-E44A4EFC75B8}.Debug|Any CPU.Build.0 = Debug|Any CPU
		{F354FADE-3EF8-46DC-9D21-E44A4EFC75B8}.Release|Any CPU.ActiveCfg = Release|Any CPU
		{F354FADE-3EF8-46DC-9D21-E44A4EFC75B8}.Release|Any CPU.Build.0 = Release|Any CPU
		{90E9A655-C490-4550-91F6-C5EDE7396BC7}.Debug|Any CPU.ActiveCfg = Debug|Any CPU
		{90E9A655-C490-4550-91F6-C5EDE7396BC7}.Debug|Any CPU.Build.0 = Debug|Any CPU
		{90E9A655-C490-4550-91F6-C5EDE7396BC7}.Release|Any CPU.ActiveCfg = Release|Any CPU
		{90E9A655-C490-4550-91F6-C5EDE7396BC7}.Release|Any CPU.Build.0 = Release|Any CPU
		{7D008652-DE8B-4695-B762-2670E8E70B3A}.Debug|Any CPU.ActiveCfg = Debug|Any CPU
		{7D008652-DE8B-4695-B762-2670E8E70B3A}.Debug|Any CPU.Build.0 = Debug|Any CPU
		{7D008652-DE8B-4695-B762-2670E8E70B3A}.Release|Any CPU.ActiveCfg = Release|Any CPU
		{7D008652-DE8B-4695-B762-2670E8E70B3A}.Release|Any CPU.Build.0 = Release|Any CPU
		{B76A09BA-0218-4813-9867-281D9BFFE007}.Debug|Any CPU.ActiveCfg = Debug|Any CPU
		{B76A09BA-0218-4813-9867-281D9BFFE007}.Debug|Any CPU.Build.0 = Debug|Any CPU
		{B76A09BA-0218-4813-9867-281D9BFFE007}.Release|Any CPU.ActiveCfg = Release|Any CPU
		{B76A09BA-0218-4813-9867-281D9BFFE007}.Release|Any CPU.Build.0 = Release|Any CPU
		{D29DF893-1326-401B-AD7E-6F8FD9AF463F}.Debug|Any CPU.ActiveCfg = Debug|Any CPU
		{D29DF893-1326-401B-AD7E-6F8FD9AF463F}.Debug|Any CPU.Build.0 = Debug|Any CPU
		{D29DF893-1326-401B-AD7E-6F8FD9AF463F}.Release|Any CPU.ActiveCfg = Release|Any CPU
		{D29DF893-1326-401B-AD7E-6F8FD9AF463F}.Release|Any CPU.Build.0 = Release|Any CPU
<<<<<<< HEAD
		{7F5F5051-E86E-46AB-8C57-397D2BF9268B}.Debug|Any CPU.ActiveCfg = Debug|Any CPU
		{7F5F5051-E86E-46AB-8C57-397D2BF9268B}.Debug|Any CPU.Build.0 = Debug|Any CPU
		{7F5F5051-E86E-46AB-8C57-397D2BF9268B}.Release|Any CPU.ActiveCfg = Release|Any CPU
		{7F5F5051-E86E-46AB-8C57-397D2BF9268B}.Release|Any CPU.Build.0 = Release|Any CPU
		{8C3EACDA-7516-4C5C-B98E-90204E2FFDD6}.Debug|Any CPU.ActiveCfg = Debug|Any CPU
		{8C3EACDA-7516-4C5C-B98E-90204E2FFDD6}.Debug|Any CPU.Build.0 = Debug|Any CPU
		{8C3EACDA-7516-4C5C-B98E-90204E2FFDD6}.Release|Any CPU.ActiveCfg = Release|Any CPU
		{8C3EACDA-7516-4C5C-B98E-90204E2FFDD6}.Release|Any CPU.Build.0 = Release|Any CPU
		{B2A514CC-A106-4D84-82AC-894313EE3317}.Debug|Any CPU.ActiveCfg = Debug|Any CPU
		{B2A514CC-A106-4D84-82AC-894313EE3317}.Debug|Any CPU.Build.0 = Debug|Any CPU
		{B2A514CC-A106-4D84-82AC-894313EE3317}.Release|Any CPU.ActiveCfg = Release|Any CPU
		{B2A514CC-A106-4D84-82AC-894313EE3317}.Release|Any CPU.Build.0 = Release|Any CPU
=======
		{9A6A2CFE-95FB-4E5C-A3ED-52E7D729B9E4}.Debug|Any CPU.ActiveCfg = Debug|Any CPU
		{9A6A2CFE-95FB-4E5C-A3ED-52E7D729B9E4}.Debug|Any CPU.Build.0 = Debug|Any CPU
		{9A6A2CFE-95FB-4E5C-A3ED-52E7D729B9E4}.Release|Any CPU.ActiveCfg = Release|Any CPU
		{9A6A2CFE-95FB-4E5C-A3ED-52E7D729B9E4}.Release|Any CPU.Build.0 = Release|Any CPU
		{D569F4C2-8D0F-4AA3-BC61-57370281AC99}.Debug|Any CPU.ActiveCfg = Debug|Any CPU
		{D569F4C2-8D0F-4AA3-BC61-57370281AC99}.Debug|Any CPU.Build.0 = Debug|Any CPU
		{D569F4C2-8D0F-4AA3-BC61-57370281AC99}.Release|Any CPU.ActiveCfg = Release|Any CPU
		{D569F4C2-8D0F-4AA3-BC61-57370281AC99}.Release|Any CPU.Build.0 = Release|Any CPU
		{A04F2E06-D9BE-41FF-B632-46D540946D3F}.Debug|Any CPU.ActiveCfg = Debug|Any CPU
		{A04F2E06-D9BE-41FF-B632-46D540946D3F}.Debug|Any CPU.Build.0 = Debug|Any CPU
		{A04F2E06-D9BE-41FF-B632-46D540946D3F}.Release|Any CPU.ActiveCfg = Release|Any CPU
		{A04F2E06-D9BE-41FF-B632-46D540946D3F}.Release|Any CPU.Build.0 = Release|Any CPU
>>>>>>> origin/master
	EndGlobalSection
	GlobalSection(SolutionProperties) = preSolution
		HideSolutionNode = FALSE
	EndGlobalSection
	GlobalSection(NestedProjects) = preSolution
		{C4C22C09-36A1-4B49-8F40-3F4ADC55EABA} = {E49DE990-D5B8-4FB9-9BCB-84C44EBA84BC}
		{FBC68FA8-2C35-471E-A3C6-B67276DC351B} = {E49DE990-D5B8-4FB9-9BCB-84C44EBA84BC}
		{90E9A655-C490-4550-91F6-C5EDE7396BC7} = {E49DE990-D5B8-4FB9-9BCB-84C44EBA84BC}
		{8C3EACDA-7516-4C5C-B98E-90204E2FFDD6} = {94D74432-56D0-493F-A9F1-496B5796D4A7}
		{7F5F5051-E86E-46AB-8C57-397D2BF9268B} = {94D74432-56D0-493F-A9F1-496B5796D4A7}
		{B2A514CC-A106-4D84-82AC-894313EE3317} = {94D74432-56D0-493F-A9F1-496B5796D4A7}
		{7D008652-DE8B-4695-B762-2670E8E70B3A} = {03E6EA75-CDA2-41DD-BD45-C73F65BF372D}
		{B76A09BA-0218-4813-9867-281D9BFFE007} = {03E6EA75-CDA2-41DD-BD45-C73F65BF372D}
		{D29DF893-1326-401B-AD7E-6F8FD9AF463F} = {03E6EA75-CDA2-41DD-BD45-C73F65BF372D}
		{9A6A2CFE-95FB-4E5C-A3ED-52E7D729B9E4} = {A4CE4E88-F51B-4706-BCF6-BE40E736FE06}
		{D569F4C2-8D0F-4AA3-BC61-57370281AC99} = {A4CE4E88-F51B-4706-BCF6-BE40E736FE06}
		{A04F2E06-D9BE-41FF-B632-46D540946D3F} = {A4CE4E88-F51B-4706-BCF6-BE40E736FE06}
	EndGlobalSection
EndGlobal
